
Microsoft Visual Studio Solution File, Format Version 12.00
# Visual Studio Version 16
VisualStudioVersion = 16.0.29324.140
MinimumVisualStudioVersion = 10.0.40219.1
Project("{FAE04EC0-301F-11D3-BF4B-00C04F79EFBC}") = "ConnectToSqlServer", "ConnectToSqlServer\ConnectToSqlServer.csproj", "{E4B71704-5937-4923-9453-C8B64A2789FB}"
EndProject
Global
	GlobalSection(SolutionConfigurationPlatforms) = preSolution
		Debug|Any CPU = Debug|Any CPU
		Release|Any CPU = Release|Any CPU
	EndGlobalSection
	GlobalSection(ProjectConfigurationPlatforms) = postSolution
		{E4B71704-5937-4923-9453-C8B64A2789FB}.Debug|Any CPU.ActiveCfg = Debug|Any CPU
		{E4B71704-5937-4923-9453-C8B64A2789FB}.Debug|Any CPU.Build.0 = Debug|Any CPU
		{E4B71704-5937-4923-9453-C8B64A2789FB}.Release|Any CPU.ActiveCfg = Release|Any CPU
		{E4B71704-5937-4923-9453-C8B64A2789FB}.Release|Any CPU.Build.0 = Release|Any CPU
	EndGlobalSection
	GlobalSection(SolutionProperties) = preSolution
		HideSolutionNode = FALSE
	EndGlobalSection
	GlobalSection(ExtensibilityGlobals) = postSolution
		SolutionGuid = {DE4C36A4-CC1E-43A2-920F-A745638A0159}
	EndGlobalSection
EndGlobal
